
Microsoft Visual Studio Solution File, Format Version 12.00
# Visual Studio Version 17
VisualStudioVersion = 17.0.31903.59
MinimumVisualStudioVersion = 10.0.40219.1
Project("{9A19103F-16F7-4668-BE54-9A1E7A4F7556}") = "DuelApp.Bootstrapper", "src\Bootstrapper\DuelApp.Bootstrapper\DuelApp.Bootstrapper.csproj", "{24F603FD-B86F-4C38-8365-B4CCB91AA179}"
EndProject
Project("{2150E333-8FDC-42A3-9474-1A3956D46DE8}") = "src", "src", "{DD3A7766-5710-4D8B-BB20-C1621F573C4C}"
EndProject
Project("{2150E333-8FDC-42A3-9474-1A3956D46DE8}") = "tests", "tests", "{48F081DB-B38C-4476-A7EE-A49A1193AF01}"
EndProject
Project("{2150E333-8FDC-42A3-9474-1A3956D46DE8}") = "Bootstrapper", "Bootstrapper", "{0C7671AE-F8C4-415D-9D3E-D2CA84D32305}"
EndProject
Project("{2150E333-8FDC-42A3-9474-1A3956D46DE8}") = "Modules", "Modules", "{71FC9C2B-EBB9-4069-8FBB-357E01A67EB2}"
EndProject
Project("{2150E333-8FDC-42A3-9474-1A3956D46DE8}") = "Shared", "Shared", "{3E73D593-7575-4935-B77C-0871B3C9E6F5}"
EndProject
Project("{9A19103F-16F7-4668-BE54-9A1E7A4F7556}") = "DuelApp.Shared.Abstractions", "src\Shared\DuelApp.Shared.Abstractions\DuelApp.Shared.Abstractions.csproj", "{62F5E18C-ACEF-46AA-9920-2BD5318048A4}"
EndProject
Project("{9A19103F-16F7-4668-BE54-9A1E7A4F7556}") = "DuelApp.Shared.Infrastructure", "src\Shared\DuelApp.Shared.Infrastructure\DuelApp.Shared.Infrastructure.csproj", "{46F4B874-F5A5-48A0-BCAE-4A2256F8887E}"
EndProject
Project("{2150E333-8FDC-42A3-9474-1A3956D46DE8}") = "Users", "Users", "{62E9A5D8-448F-490B-B965-C3E4B068D6EF}"
EndProject
Project("{9A19103F-16F7-4668-BE54-9A1E7A4F7556}") = "DuelApp.Modules.Users.Api", "src\Modules\Users\DuelApp.Modules.Users.Api\DuelApp.Modules.Users.Api.csproj", "{1DA45336-0E80-455B-B2E6-BEB62877A25A}"
EndProject
Project("{9A19103F-16F7-4668-BE54-9A1E7A4F7556}") = "DuelApp.Modules.Users.Core", "src\Modules\Users\DuelApp.Modules.Users.Core\DuelApp.Modules.Users.Core.csproj", "{440F6A1A-15FE-4AE1-9E56-CEF3B7727F15}"
EndProject
Project("{2150E333-8FDC-42A3-9474-1A3956D46DE8}") = "Questions", "Questions", "{35410F2B-8321-415A-B78C-C06C63DD467E}"
EndProject
Project("{FAE04EC0-301F-11D3-BF4B-00C04F79EFBC}") = "DuelApp.Modules.Questions.Api", "src\Modules\Questions\DuelApp.Modules.Questions.Api\DuelApp.Modules.Questions.Api.csproj", "{3EE773C2-5D81-4357-9033-FE14C75769E9}"
EndProject
Project("{FAE04EC0-301F-11D3-BF4B-00C04F79EFBC}") = "DuelApp.Modules.Questions.Application", "src\Modules\Questions\DuelApp.Modules.Questions.Application\DuelApp.Modules.Questions.Application.csproj", "{F4666B43-62FC-478D-B562-DFD5DCBEC65D}"
EndProject
Project("{FAE04EC0-301F-11D3-BF4B-00C04F79EFBC}") = "DuelApp.Modules.Questions.Domain", "src\Modules\Questions\DuelApp.Modules.Questions.Domain\DuelApp.Modules.Questions.Domain.csproj", "{B15DEFB9-CC83-406D-87E3-BC5F7D6D1689}"
EndProject
Project("{FAE04EC0-301F-11D3-BF4B-00C04F79EFBC}") = "DuelApp.Modules.Questions.Infrastructure", "src\Modules\Questions\DuelApp.Modules.Questions.Infrastructure\DuelApp.Modules.Questions.Infrastructure.csproj", "{3CFFA79B-FF6D-446D-A185-EB6B270D0B8A}"
EndProject
Project("{FAE04EC0-301F-11D3-BF4B-00C04F79EFBC}") = "DuelApp.Modules.Questions.Shared", "src\Modules\Questions\DuelApp.Modules.Questions.Shared\DuelApp.Modules.Questions.Shared.csproj", "{0DC2DD0F-4A8E-4A83-9E0E-0FF42014D6CA}"
EndProject
Project("{2150E333-8FDC-42A3-9474-1A3956D46DE8}") = "Duels", "Duels", "{AEDF6CCB-112F-449F-9476-388924BDF73D}"
EndProject
Project("{FAE04EC0-301F-11D3-BF4B-00C04F79EFBC}") = "DuelApp.Modules.Duels.Api", "src\Modules\Duels\DuelApp.Modules.Duels.Api\DuelApp.Modules.Duels.Api.csproj", "{AD8AAB77-15DE-443B-87BA-23495F3A97FE}"
EndProject
Project("{FAE04EC0-301F-11D3-BF4B-00C04F79EFBC}") = "DuelApp.Modules.Duels.Infrastructure", "src\Modules\Duels\DuelApp.Modules.Duels.Infrastructure\DuelApp.Modules.Duels.Infrastructure.csproj", "{6BDE7E1B-6502-4E5F-99FE-35FCB80B72C4}"
EndProject
Project("{FAE04EC0-301F-11D3-BF4B-00C04F79EFBC}") = "DuelApp.Modules.Duels.Application", "src\Modules\Duels\DuelApp.Modules.Duels.Application\DuelApp.Modules.Duels.Application.csproj", "{78E3CF08-5E5B-44B3-9298-AD19C1264FE8}"
EndProject
Project("{FAE04EC0-301F-11D3-BF4B-00C04F79EFBC}") = "DuelApp.Modules.Duels.Domain", "src\Modules\Duels\DuelApp.Modules.Duels.Domain\DuelApp.Modules.Duels.Domain.csproj", "{340442CD-0A25-4DF8-A1A6-05473530DF98}"
EndProject
Project("{FAE04EC0-301F-11D3-BF4B-00C04F79EFBC}") = "DuelApp.Modules.Duels.Shared", "src\Modules\Duels\DuelApp.Modules.Duels.Shared\DuelApp.Modules.Duels.Shared.csproj", "{B22EBF75-9FFA-47E0-9CF1-59501B5FB879}"
EndProject
Project("{2150E333-8FDC-42A3-9474-1A3956D46DE8}") = "Matchmaking", "Matchmaking", "{386AA6F7-22F6-4CF5-ABE9-CFDBFAF476E1}"
EndProject
Project("{FAE04EC0-301F-11D3-BF4B-00C04F79EFBC}") = "DuelApp.Modules.Matchmaking.Api", "src\Modules\Matchmaking\DuelApp.Modules.Matchmaking.Api\DuelApp.Modules.Matchmaking.Api.csproj", "{804845C4-9F11-464F-892A-B98377274F95}"
EndProject
Project("{FAE04EC0-301F-11D3-BF4B-00C04F79EFBC}") = "DuelApp.Modules.Matchmaking.Application", "src\Modules\Matchmaking\DuelApp.Modules.Matchmaking.Application\DuelApp.Modules.Matchmaking.Application.csproj", "{4397BC3C-0AA1-4904-B638-04A96D042BFB}"
EndProject
Project("{FAE04EC0-301F-11D3-BF4B-00C04F79EFBC}") = "DuelApp.Modules.Matchmaking.Domain", "src\Modules\Matchmaking\DuelApp.Modules.Matchmaking.Domain\DuelApp.Modules.Matchmaking.Domain.csproj", "{5D8F4D20-E0D6-4BD4-9143-3428DF77BE86}"
EndProject
Project("{FAE04EC0-301F-11D3-BF4B-00C04F79EFBC}") = "DuelApp.Modules.Matchmaking.Infrastructure", "src\Modules\Matchmaking\DuelApp.Modules.Matchmaking.Infrastructure\DuelApp.Modules.Matchmaking.Infrastructure.csproj", "{18FD68F2-8F8B-4BD7-92E0-85C3CB9BCAFB}"
EndProject
Project("{FAE04EC0-301F-11D3-BF4B-00C04F79EFBC}") = "DuelApp.Modules.Matchmaking.Shared", "src\Modules\Matchmaking\DuelApp.Modules.Matchmaking.Shared\DuelApp.Modules.Matchmaking.Shared.csproj", "{46F48276-279F-4CEB-AF6A-EC44F52210BE}"
EndProject
Global
	GlobalSection(SolutionConfigurationPlatforms) = preSolution
		Debug|Any CPU = Debug|Any CPU
		Release|Any CPU = Release|Any CPU
	EndGlobalSection
	GlobalSection(ProjectConfigurationPlatforms) = postSolution
		{24F603FD-B86F-4C38-8365-B4CCB91AA179}.Debug|Any CPU.ActiveCfg = Debug|Any CPU
		{24F603FD-B86F-4C38-8365-B4CCB91AA179}.Debug|Any CPU.Build.0 = Debug|Any CPU
		{24F603FD-B86F-4C38-8365-B4CCB91AA179}.Release|Any CPU.ActiveCfg = Release|Any CPU
		{24F603FD-B86F-4C38-8365-B4CCB91AA179}.Release|Any CPU.Build.0 = Release|Any CPU
		{62F5E18C-ACEF-46AA-9920-2BD5318048A4}.Debug|Any CPU.ActiveCfg = Debug|Any CPU
		{62F5E18C-ACEF-46AA-9920-2BD5318048A4}.Debug|Any CPU.Build.0 = Debug|Any CPU
		{62F5E18C-ACEF-46AA-9920-2BD5318048A4}.Release|Any CPU.ActiveCfg = Release|Any CPU
		{62F5E18C-ACEF-46AA-9920-2BD5318048A4}.Release|Any CPU.Build.0 = Release|Any CPU
		{46F4B874-F5A5-48A0-BCAE-4A2256F8887E}.Debug|Any CPU.ActiveCfg = Debug|Any CPU
		{46F4B874-F5A5-48A0-BCAE-4A2256F8887E}.Debug|Any CPU.Build.0 = Debug|Any CPU
		{46F4B874-F5A5-48A0-BCAE-4A2256F8887E}.Release|Any CPU.ActiveCfg = Release|Any CPU
		{46F4B874-F5A5-48A0-BCAE-4A2256F8887E}.Release|Any CPU.Build.0 = Release|Any CPU
		{1DA45336-0E80-455B-B2E6-BEB62877A25A}.Debug|Any CPU.ActiveCfg = Debug|Any CPU
		{1DA45336-0E80-455B-B2E6-BEB62877A25A}.Debug|Any CPU.Build.0 = Debug|Any CPU
		{1DA45336-0E80-455B-B2E6-BEB62877A25A}.Release|Any CPU.ActiveCfg = Release|Any CPU
		{1DA45336-0E80-455B-B2E6-BEB62877A25A}.Release|Any CPU.Build.0 = Release|Any CPU
		{440F6A1A-15FE-4AE1-9E56-CEF3B7727F15}.Debug|Any CPU.ActiveCfg = Debug|Any CPU
		{440F6A1A-15FE-4AE1-9E56-CEF3B7727F15}.Debug|Any CPU.Build.0 = Debug|Any CPU
		{440F6A1A-15FE-4AE1-9E56-CEF3B7727F15}.Release|Any CPU.ActiveCfg = Release|Any CPU
		{440F6A1A-15FE-4AE1-9E56-CEF3B7727F15}.Release|Any CPU.Build.0 = Release|Any CPU
		{3EE773C2-5D81-4357-9033-FE14C75769E9}.Debug|Any CPU.ActiveCfg = Debug|Any CPU
		{3EE773C2-5D81-4357-9033-FE14C75769E9}.Debug|Any CPU.Build.0 = Debug|Any CPU
		{3EE773C2-5D81-4357-9033-FE14C75769E9}.Release|Any CPU.ActiveCfg = Release|Any CPU
		{3EE773C2-5D81-4357-9033-FE14C75769E9}.Release|Any CPU.Build.0 = Release|Any CPU
		{F4666B43-62FC-478D-B562-DFD5DCBEC65D}.Debug|Any CPU.ActiveCfg = Debug|Any CPU
		{F4666B43-62FC-478D-B562-DFD5DCBEC65D}.Debug|Any CPU.Build.0 = Debug|Any CPU
		{F4666B43-62FC-478D-B562-DFD5DCBEC65D}.Release|Any CPU.ActiveCfg = Release|Any CPU
		{F4666B43-62FC-478D-B562-DFD5DCBEC65D}.Release|Any CPU.Build.0 = Release|Any CPU
		{B15DEFB9-CC83-406D-87E3-BC5F7D6D1689}.Debug|Any CPU.ActiveCfg = Debug|Any CPU
		{B15DEFB9-CC83-406D-87E3-BC5F7D6D1689}.Debug|Any CPU.Build.0 = Debug|Any CPU
		{B15DEFB9-CC83-406D-87E3-BC5F7D6D1689}.Release|Any CPU.ActiveCfg = Release|Any CPU
		{B15DEFB9-CC83-406D-87E3-BC5F7D6D1689}.Release|Any CPU.Build.0 = Release|Any CPU
		{3CFFA79B-FF6D-446D-A185-EB6B270D0B8A}.Debug|Any CPU.ActiveCfg = Debug|Any CPU
		{3CFFA79B-FF6D-446D-A185-EB6B270D0B8A}.Debug|Any CPU.Build.0 = Debug|Any CPU
		{3CFFA79B-FF6D-446D-A185-EB6B270D0B8A}.Release|Any CPU.ActiveCfg = Release|Any CPU
		{3CFFA79B-FF6D-446D-A185-EB6B270D0B8A}.Release|Any CPU.Build.0 = Release|Any CPU
		{0DC2DD0F-4A8E-4A83-9E0E-0FF42014D6CA}.Debug|Any CPU.ActiveCfg = Debug|Any CPU
		{0DC2DD0F-4A8E-4A83-9E0E-0FF42014D6CA}.Debug|Any CPU.Build.0 = Debug|Any CPU
		{0DC2DD0F-4A8E-4A83-9E0E-0FF42014D6CA}.Release|Any CPU.ActiveCfg = Release|Any CPU
		{0DC2DD0F-4A8E-4A83-9E0E-0FF42014D6CA}.Release|Any CPU.Build.0 = Release|Any CPU
		{AD8AAB77-15DE-443B-87BA-23495F3A97FE}.Debug|Any CPU.ActiveCfg = Debug|Any CPU
		{AD8AAB77-15DE-443B-87BA-23495F3A97FE}.Debug|Any CPU.Build.0 = Debug|Any CPU
		{AD8AAB77-15DE-443B-87BA-23495F3A97FE}.Release|Any CPU.ActiveCfg = Release|Any CPU
		{AD8AAB77-15DE-443B-87BA-23495F3A97FE}.Release|Any CPU.Build.0 = Release|Any CPU
		{6BDE7E1B-6502-4E5F-99FE-35FCB80B72C4}.Debug|Any CPU.ActiveCfg = Debug|Any CPU
		{6BDE7E1B-6502-4E5F-99FE-35FCB80B72C4}.Debug|Any CPU.Build.0 = Debug|Any CPU
		{6BDE7E1B-6502-4E5F-99FE-35FCB80B72C4}.Release|Any CPU.ActiveCfg = Release|Any CPU
		{6BDE7E1B-6502-4E5F-99FE-35FCB80B72C4}.Release|Any CPU.Build.0 = Release|Any CPU
		{78E3CF08-5E5B-44B3-9298-AD19C1264FE8}.Debug|Any CPU.ActiveCfg = Debug|Any CPU
		{78E3CF08-5E5B-44B3-9298-AD19C1264FE8}.Debug|Any CPU.Build.0 = Debug|Any CPU
		{78E3CF08-5E5B-44B3-9298-AD19C1264FE8}.Release|Any CPU.ActiveCfg = Release|Any CPU
		{78E3CF08-5E5B-44B3-9298-AD19C1264FE8}.Release|Any CPU.Build.0 = Release|Any CPU
		{340442CD-0A25-4DF8-A1A6-05473530DF98}.Debug|Any CPU.ActiveCfg = Debug|Any CPU
		{340442CD-0A25-4DF8-A1A6-05473530DF98}.Debug|Any CPU.Build.0 = Debug|Any CPU
		{340442CD-0A25-4DF8-A1A6-05473530DF98}.Release|Any CPU.ActiveCfg = Release|Any CPU
		{340442CD-0A25-4DF8-A1A6-05473530DF98}.Release|Any CPU.Build.0 = Release|Any CPU
		{B22EBF75-9FFA-47E0-9CF1-59501B5FB879}.Debug|Any CPU.ActiveCfg = Debug|Any CPU
		{B22EBF75-9FFA-47E0-9CF1-59501B5FB879}.Debug|Any CPU.Build.0 = Debug|Any CPU
		{B22EBF75-9FFA-47E0-9CF1-59501B5FB879}.Release|Any CPU.ActiveCfg = Release|Any CPU
		{B22EBF75-9FFA-47E0-9CF1-59501B5FB879}.Release|Any CPU.Build.0 = Release|Any CPU
		{804845C4-9F11-464F-892A-B98377274F95}.Debug|Any CPU.ActiveCfg = Debug|Any CPU
		{804845C4-9F11-464F-892A-B98377274F95}.Debug|Any CPU.Build.0 = Debug|Any CPU
		{804845C4-9F11-464F-892A-B98377274F95}.Release|Any CPU.ActiveCfg = Release|Any CPU
		{804845C4-9F11-464F-892A-B98377274F95}.Release|Any CPU.Build.0 = Release|Any CPU
		{4397BC3C-0AA1-4904-B638-04A96D042BFB}.Debug|Any CPU.ActiveCfg = Debug|Any CPU
		{4397BC3C-0AA1-4904-B638-04A96D042BFB}.Debug|Any CPU.Build.0 = Debug|Any CPU
		{4397BC3C-0AA1-4904-B638-04A96D042BFB}.Release|Any CPU.ActiveCfg = Release|Any CPU
		{4397BC3C-0AA1-4904-B638-04A96D042BFB}.Release|Any CPU.Build.0 = Release|Any CPU
		{5D8F4D20-E0D6-4BD4-9143-3428DF77BE86}.Debug|Any CPU.ActiveCfg = Debug|Any CPU
		{5D8F4D20-E0D6-4BD4-9143-3428DF77BE86}.Debug|Any CPU.Build.0 = Debug|Any CPU
		{5D8F4D20-E0D6-4BD4-9143-3428DF77BE86}.Release|Any CPU.ActiveCfg = Release|Any CPU
		{5D8F4D20-E0D6-4BD4-9143-3428DF77BE86}.Release|Any CPU.Build.0 = Release|Any CPU
		{18FD68F2-8F8B-4BD7-92E0-85C3CB9BCAFB}.Debug|Any CPU.ActiveCfg = Debug|Any CPU
		{18FD68F2-8F8B-4BD7-92E0-85C3CB9BCAFB}.Debug|Any CPU.Build.0 = Debug|Any CPU
		{18FD68F2-8F8B-4BD7-92E0-85C3CB9BCAFB}.Release|Any CPU.ActiveCfg = Release|Any CPU
		{18FD68F2-8F8B-4BD7-92E0-85C3CB9BCAFB}.Release|Any CPU.Build.0 = Release|Any CPU
		{46F48276-279F-4CEB-AF6A-EC44F52210BE}.Debug|Any CPU.ActiveCfg = Debug|Any CPU
		{46F48276-279F-4CEB-AF6A-EC44F52210BE}.Debug|Any CPU.Build.0 = Debug|Any CPU
		{46F48276-279F-4CEB-AF6A-EC44F52210BE}.Release|Any CPU.ActiveCfg = Release|Any CPU
		{46F48276-279F-4CEB-AF6A-EC44F52210BE}.Release|Any CPU.Build.0 = Release|Any CPU
	EndGlobalSection
	GlobalSection(SolutionProperties) = preSolution
		HideSolutionNode = FALSE
	EndGlobalSection
	GlobalSection(NestedProjects) = preSolution
		{24F603FD-B86F-4C38-8365-B4CCB91AA179} = {0C7671AE-F8C4-415D-9D3E-D2CA84D32305}
		{0C7671AE-F8C4-415D-9D3E-D2CA84D32305} = {DD3A7766-5710-4D8B-BB20-C1621F573C4C}
		{71FC9C2B-EBB9-4069-8FBB-357E01A67EB2} = {DD3A7766-5710-4D8B-BB20-C1621F573C4C}
		{3E73D593-7575-4935-B77C-0871B3C9E6F5} = {DD3A7766-5710-4D8B-BB20-C1621F573C4C}
		{62F5E18C-ACEF-46AA-9920-2BD5318048A4} = {3E73D593-7575-4935-B77C-0871B3C9E6F5}
		{46F4B874-F5A5-48A0-BCAE-4A2256F8887E} = {3E73D593-7575-4935-B77C-0871B3C9E6F5}
		{62E9A5D8-448F-490B-B965-C3E4B068D6EF} = {71FC9C2B-EBB9-4069-8FBB-357E01A67EB2}
		{1DA45336-0E80-455B-B2E6-BEB62877A25A} = {62E9A5D8-448F-490B-B965-C3E4B068D6EF}
		{440F6A1A-15FE-4AE1-9E56-CEF3B7727F15} = {62E9A5D8-448F-490B-B965-C3E4B068D6EF}
		{35410F2B-8321-415A-B78C-C06C63DD467E} = {71FC9C2B-EBB9-4069-8FBB-357E01A67EB2}
		{3EE773C2-5D81-4357-9033-FE14C75769E9} = {35410F2B-8321-415A-B78C-C06C63DD467E}
		{F4666B43-62FC-478D-B562-DFD5DCBEC65D} = {35410F2B-8321-415A-B78C-C06C63DD467E}
		{B15DEFB9-CC83-406D-87E3-BC5F7D6D1689} = {35410F2B-8321-415A-B78C-C06C63DD467E}
		{3CFFA79B-FF6D-446D-A185-EB6B270D0B8A} = {35410F2B-8321-415A-B78C-C06C63DD467E}
		{0DC2DD0F-4A8E-4A83-9E0E-0FF42014D6CA} = {35410F2B-8321-415A-B78C-C06C63DD467E}
		{AEDF6CCB-112F-449F-9476-388924BDF73D} = {71FC9C2B-EBB9-4069-8FBB-357E01A67EB2}
		{AD8AAB77-15DE-443B-87BA-23495F3A97FE} = {AEDF6CCB-112F-449F-9476-388924BDF73D}
		{6BDE7E1B-6502-4E5F-99FE-35FCB80B72C4} = {AEDF6CCB-112F-449F-9476-388924BDF73D}
		{78E3CF08-5E5B-44B3-9298-AD19C1264FE8} = {AEDF6CCB-112F-449F-9476-388924BDF73D}
		{340442CD-0A25-4DF8-A1A6-05473530DF98} = {AEDF6CCB-112F-449F-9476-388924BDF73D}
		{B22EBF75-9FFA-47E0-9CF1-59501B5FB879} = {AEDF6CCB-112F-449F-9476-388924BDF73D}
		{386AA6F7-22F6-4CF5-ABE9-CFDBFAF476E1} = {71FC9C2B-EBB9-4069-8FBB-357E01A67EB2}
		{804845C4-9F11-464F-892A-B98377274F95} = {386AA6F7-22F6-4CF5-ABE9-CFDBFAF476E1}
		{4397BC3C-0AA1-4904-B638-04A96D042BFB} = {386AA6F7-22F6-4CF5-ABE9-CFDBFAF476E1}
		{5D8F4D20-E0D6-4BD4-9143-3428DF77BE86} = {386AA6F7-22F6-4CF5-ABE9-CFDBFAF476E1}
		{18FD68F2-8F8B-4BD7-92E0-85C3CB9BCAFB} = {386AA6F7-22F6-4CF5-ABE9-CFDBFAF476E1}
		{46F48276-279F-4CEB-AF6A-EC44F52210BE} = {386AA6F7-22F6-4CF5-ABE9-CFDBFAF476E1}
	EndGlobalSection
	GlobalSection(ExtensibilityGlobals) = postSolution
		SolutionGuid = {C0FD0CE3-637A-407C-8724-2F97930B3943}
	EndGlobalSection
EndGlobal
