
Microsoft Visual Studio Solution File, Format Version 12.00
# Visual Studio Version 17
VisualStudioVersion = 17.0.31903.59
MinimumVisualStudioVersion = 10.0.40219.1
Project("{9A19103F-16F7-4668-BE54-9A1E7A4F7556}") = "DuelApp.Bootstrapper", "src\Bootstrapper\DuelApp.Bootstrapper\DuelApp.Bootstrapper.csproj", "{24F603FD-B86F-4C38-8365-B4CCB91AA179}"
EndProject
Project("{2150E333-8FDC-42A3-9474-1A3956D46DE8}") = "src", "src", "{DD3A7766-5710-4D8B-BB20-C1621F573C4C}"
EndProject
Project("{2150E333-8FDC-42A3-9474-1A3956D46DE8}") = "tests", "tests", "{48F081DB-B38C-4476-A7EE-A49A1193AF01}"
EndProject
Project("{2150E333-8FDC-42A3-9474-1A3956D46DE8}") = "Bootstrapper", "Bootstrapper", "{0C7671AE-F8C4-415D-9D3E-D2CA84D32305}"
EndProject
Project("{2150E333-8FDC-42A3-9474-1A3956D46DE8}") = "Modules", "Modules", "{71FC9C2B-EBB9-4069-8FBB-357E01A67EB2}"
EndProject
Project("{2150E333-8FDC-42A3-9474-1A3956D46DE8}") = "Shared", "Shared", "{3E73D593-7575-4935-B77C-0871B3C9E6F5}"
EndProject
Project("{9A19103F-16F7-4668-BE54-9A1E7A4F7556}") = "DuelApp.Shared.Abstractions", "src\Shared\DuelApp.Shared.Abstractions\DuelApp.Shared.Abstractions.csproj", "{62F5E18C-ACEF-46AA-9920-2BD5318048A4}"
EndProject
Project("{9A19103F-16F7-4668-BE54-9A1E7A4F7556}") = "DuelApp.Shared.Infrastructure", "src\Shared\DuelApp.Shared.Infrastructure\DuelApp.Shared.Infrastructure.csproj", "{46F4B874-F5A5-48A0-BCAE-4A2256F8887E}"
EndProject
Project("{2150E333-8FDC-42A3-9474-1A3956D46DE8}") = "Users", "Users", "{62E9A5D8-448F-490B-B965-C3E4B068D6EF}"
EndProject
Project("{9A19103F-16F7-4668-BE54-9A1E7A4F7556}") = "DuelApp.Modules.Users.Api", "src\Modules\Users\DuelApp.Modules.Users.Api\DuelApp.Modules.Users.Api.csproj", "{1DA45336-0E80-455B-B2E6-BEB62877A25A}"
EndProject
Project("{9A19103F-16F7-4668-BE54-9A1E7A4F7556}") = "DuelApp.Modules.Users.Core", "src\Modules\Users\DuelApp.Modules.Users.Core\DuelApp.Modules.Users.Core.csproj", "{440F6A1A-15FE-4AE1-9E56-CEF3B7727F15}"
EndProject
Project("{2150E333-8FDC-42A3-9474-1A3956D46DE8}") = "Questions", "Questions", "{35410F2B-8321-415A-B78C-C06C63DD467E}"
EndProject
Project("{FAE04EC0-301F-11D3-BF4B-00C04F79EFBC}") = "DuelApp.Modules.Questions.Api", "src\Modules\Questions\DuelApp.Modules.Questions.Api\DuelApp.Modules.Questions.Api.csproj", "{3EE773C2-5D81-4357-9033-FE14C75769E9}"
EndProject
Project("{FAE04EC0-301F-11D3-BF4B-00C04F79EFBC}") = "DuelApp.Modules.Questions.Application", "src\Modules\Questions\DuelApp.Modules.Questions.Application\DuelApp.Modules.Questions.Application.csproj", "{F4666B43-62FC-478D-B562-DFD5DCBEC65D}"
EndProject
Project("{FAE04EC0-301F-11D3-BF4B-00C04F79EFBC}") = "DuelApp.Modules.Questions.Domain", "src\Modules\Questions\DuelApp.Modules.Questions.Domain\DuelApp.Modules.Questions.Domain.csproj", "{B15DEFB9-CC83-406D-87E3-BC5F7D6D1689}"
EndProject
Project("{FAE04EC0-301F-11D3-BF4B-00C04F79EFBC}") = "DuelApp.Modules.Questions.Infrastructure", "src\Modules\Questions\DuelApp.Modules.Questions.Infrastructure\DuelApp.Modules.Questions.Infrastructure.csproj", "{3CFFA79B-FF6D-446D-A185-EB6B270D0B8A}"
EndProject
Project("{FAE04EC0-301F-11D3-BF4B-00C04F79EFBC}") = "DuelApp.Modules.Questions.Shared", "src\Modules\Questions\DuelApp.Modules.Questions.Shared\DuelApp.Modules.Questions.Shared.csproj", "{0DC2DD0F-4A8E-4A83-9E0E-0FF42014D6CA}"
EndProject
Global
	GlobalSection(SolutionConfigurationPlatforms) = preSolution
		Debug|Any CPU = Debug|Any CPU
		Release|Any CPU = Release|Any CPU
	EndGlobalSection
	GlobalSection(ProjectConfigurationPlatforms) = postSolution
		{24F603FD-B86F-4C38-8365-B4CCB91AA179}.Debug|Any CPU.ActiveCfg = Debug|Any CPU
		{24F603FD-B86F-4C38-8365-B4CCB91AA179}.Debug|Any CPU.Build.0 = Debug|Any CPU
		{24F603FD-B86F-4C38-8365-B4CCB91AA179}.Release|Any CPU.ActiveCfg = Release|Any CPU
		{24F603FD-B86F-4C38-8365-B4CCB91AA179}.Release|Any CPU.Build.0 = Release|Any CPU
		{62F5E18C-ACEF-46AA-9920-2BD5318048A4}.Debug|Any CPU.ActiveCfg = Debug|Any CPU
		{62F5E18C-ACEF-46AA-9920-2BD5318048A4}.Debug|Any CPU.Build.0 = Debug|Any CPU
		{62F5E18C-ACEF-46AA-9920-2BD5318048A4}.Release|Any CPU.ActiveCfg = Release|Any CPU
		{62F5E18C-ACEF-46AA-9920-2BD5318048A4}.Release|Any CPU.Build.0 = Release|Any CPU
		{46F4B874-F5A5-48A0-BCAE-4A2256F8887E}.Debug|Any CPU.ActiveCfg = Debug|Any CPU
		{46F4B874-F5A5-48A0-BCAE-4A2256F8887E}.Debug|Any CPU.Build.0 = Debug|Any CPU
		{46F4B874-F5A5-48A0-BCAE-4A2256F8887E}.Release|Any CPU.ActiveCfg = Release|Any CPU
		{46F4B874-F5A5-48A0-BCAE-4A2256F8887E}.Release|Any CPU.Build.0 = Release|Any CPU
		{1DA45336-0E80-455B-B2E6-BEB62877A25A}.Debug|Any CPU.ActiveCfg = Debug|Any CPU
		{1DA45336-0E80-455B-B2E6-BEB62877A25A}.Debug|Any CPU.Build.0 = Debug|Any CPU
		{1DA45336-0E80-455B-B2E6-BEB62877A25A}.Release|Any CPU.ActiveCfg = Release|Any CPU
		{1DA45336-0E80-455B-B2E6-BEB62877A25A}.Release|Any CPU.Build.0 = Release|Any CPU
		{440F6A1A-15FE-4AE1-9E56-CEF3B7727F15}.Debug|Any CPU.ActiveCfg = Debug|Any CPU
		{440F6A1A-15FE-4AE1-9E56-CEF3B7727F15}.Debug|Any CPU.Build.0 = Debug|Any CPU
		{440F6A1A-15FE-4AE1-9E56-CEF3B7727F15}.Release|Any CPU.ActiveCfg = Release|Any CPU
		{440F6A1A-15FE-4AE1-9E56-CEF3B7727F15}.Release|Any CPU.Build.0 = Release|Any CPU
		{3EE773C2-5D81-4357-9033-FE14C75769E9}.Debug|Any CPU.ActiveCfg = Debug|Any CPU
		{3EE773C2-5D81-4357-9033-FE14C75769E9}.Debug|Any CPU.Build.0 = Debug|Any CPU
		{3EE773C2-5D81-4357-9033-FE14C75769E9}.Release|Any CPU.ActiveCfg = Release|Any CPU
		{3EE773C2-5D81-4357-9033-FE14C75769E9}.Release|Any CPU.Build.0 = Release|Any CPU
		{F4666B43-62FC-478D-B562-DFD5DCBEC65D}.Debug|Any CPU.ActiveCfg = Debug|Any CPU
		{F4666B43-62FC-478D-B562-DFD5DCBEC65D}.Debug|Any CPU.Build.0 = Debug|Any CPU
		{F4666B43-62FC-478D-B562-DFD5DCBEC65D}.Release|Any CPU.ActiveCfg = Release|Any CPU
		{F4666B43-62FC-478D-B562-DFD5DCBEC65D}.Release|Any CPU.Build.0 = Release|Any CPU
		{B15DEFB9-CC83-406D-87E3-BC5F7D6D1689}.Debug|Any CPU.ActiveCfg = Debug|Any CPU
		{B15DEFB9-CC83-406D-87E3-BC5F7D6D1689}.Debug|Any CPU.Build.0 = Debug|Any CPU
		{B15DEFB9-CC83-406D-87E3-BC5F7D6D1689}.Release|Any CPU.ActiveCfg = Release|Any CPU
		{B15DEFB9-CC83-406D-87E3-BC5F7D6D1689}.Release|Any CPU.Build.0 = Release|Any CPU
		{3CFFA79B-FF6D-446D-A185-EB6B270D0B8A}.Debug|Any CPU.ActiveCfg = Debug|Any CPU
		{3CFFA79B-FF6D-446D-A185-EB6B270D0B8A}.Debug|Any CPU.Build.0 = Debug|Any CPU
		{3CFFA79B-FF6D-446D-A185-EB6B270D0B8A}.Release|Any CPU.ActiveCfg = Release|Any CPU
		{3CFFA79B-FF6D-446D-A185-EB6B270D0B8A}.Release|Any CPU.Build.0 = Release|Any CPU
		{0DC2DD0F-4A8E-4A83-9E0E-0FF42014D6CA}.Debug|Any CPU.ActiveCfg = Debug|Any CPU
		{0DC2DD0F-4A8E-4A83-9E0E-0FF42014D6CA}.Debug|Any CPU.Build.0 = Debug|Any CPU
		{0DC2DD0F-4A8E-4A83-9E0E-0FF42014D6CA}.Release|Any CPU.ActiveCfg = Release|Any CPU
		{0DC2DD0F-4A8E-4A83-9E0E-0FF42014D6CA}.Release|Any CPU.Build.0 = Release|Any CPU
	EndGlobalSection
	GlobalSection(SolutionProperties) = preSolution
		HideSolutionNode = FALSE
	EndGlobalSection
	GlobalSection(NestedProjects) = preSolution
		{24F603FD-B86F-4C38-8365-B4CCB91AA179} = {0C7671AE-F8C4-415D-9D3E-D2CA84D32305}
		{0C7671AE-F8C4-415D-9D3E-D2CA84D32305} = {DD3A7766-5710-4D8B-BB20-C1621F573C4C}
		{71FC9C2B-EBB9-4069-8FBB-357E01A67EB2} = {DD3A7766-5710-4D8B-BB20-C1621F573C4C}
		{3E73D593-7575-4935-B77C-0871B3C9E6F5} = {DD3A7766-5710-4D8B-BB20-C1621F573C4C}
		{62F5E18C-ACEF-46AA-9920-2BD5318048A4} = {3E73D593-7575-4935-B77C-0871B3C9E6F5}
		{46F4B874-F5A5-48A0-BCAE-4A2256F8887E} = {3E73D593-7575-4935-B77C-0871B3C9E6F5}
		{62E9A5D8-448F-490B-B965-C3E4B068D6EF} = {71FC9C2B-EBB9-4069-8FBB-357E01A67EB2}
		{1DA45336-0E80-455B-B2E6-BEB62877A25A} = {62E9A5D8-448F-490B-B965-C3E4B068D6EF}
		{440F6A1A-15FE-4AE1-9E56-CEF3B7727F15} = {62E9A5D8-448F-490B-B965-C3E4B068D6EF}
		{35410F2B-8321-415A-B78C-C06C63DD467E} = {71FC9C2B-EBB9-4069-8FBB-357E01A67EB2}
		{3EE773C2-5D81-4357-9033-FE14C75769E9} = {35410F2B-8321-415A-B78C-C06C63DD467E}
		{F4666B43-62FC-478D-B562-DFD5DCBEC65D} = {35410F2B-8321-415A-B78C-C06C63DD467E}
		{B15DEFB9-CC83-406D-87E3-BC5F7D6D1689} = {35410F2B-8321-415A-B78C-C06C63DD467E}
		{3CFFA79B-FF6D-446D-A185-EB6B270D0B8A} = {35410F2B-8321-415A-B78C-C06C63DD467E}
		{0DC2DD0F-4A8E-4A83-9E0E-0FF42014D6CA} = {35410F2B-8321-415A-B78C-C06C63DD467E}
	EndGlobalSection
	GlobalSection(ExtensibilityGlobals) = postSolution
		SolutionGuid = {C0FD0CE3-637A-407C-8724-2F97930B3943}
	EndGlobalSection
EndGlobal
